// !$*UTF8*$!
{
	archiveVersion = 1;
	classes = {
	};
	objectVersion = 46;
	objects = {

/* Begin PBXBuildFile section */
		212B195C4872220E90DF1A1F /* Pods_DribbleInSwiftUITests.framework in Frameworks */ = {isa = PBXBuildFile; fileRef = B471B73FA34C144AD942D1F0 /* Pods_DribbleInSwiftUITests.framework */; };
		5E3A071CAAC88419F76B4DE2 /* Pods_DribbleInSwiftTests.framework in Frameworks */ = {isa = PBXBuildFile; fileRef = DAB480510E3668A32AD63374 /* Pods_DribbleInSwiftTests.framework */; };
		7E47FF1F81F07979EE974476 /* Pods_DribbleInSwift.framework in Frameworks */ = {isa = PBXBuildFile; fileRef = B12F4B0B336259280348D31D /* Pods_DribbleInSwift.framework */; };
		9531339E1F388F550067DB3A /* AppDelegate.swift in Sources */ = {isa = PBXBuildFile; fileRef = 9531339D1F388F550067DB3A /* AppDelegate.swift */; };
		953133A01F388F560067DB3A /* ViewController.swift in Sources */ = {isa = PBXBuildFile; fileRef = 9531339F1F388F560067DB3A /* ViewController.swift */; };
		953133A31F388F560067DB3A /* Main.storyboard in Resources */ = {isa = PBXBuildFile; fileRef = 953133A11F388F560067DB3A /* Main.storyboard */; };
		953133A51F388F560067DB3A /* Assets.xcassets in Resources */ = {isa = PBXBuildFile; fileRef = 953133A41F388F560067DB3A /* Assets.xcassets */; };
		953133A81F388F560067DB3A /* LaunchScreen.storyboard in Resources */ = {isa = PBXBuildFile; fileRef = 953133A61F388F560067DB3A /* LaunchScreen.storyboard */; };
		953133B31F388F560067DB3A /* DribbleInSwiftTests.swift in Sources */ = {isa = PBXBuildFile; fileRef = 953133B21F388F560067DB3A /* DribbleInSwiftTests.swift */; };
		953133BE1F388F560067DB3A /* DribbleInSwiftUITests.swift in Sources */ = {isa = PBXBuildFile; fileRef = 953133BD1F388F560067DB3A /* DribbleInSwiftUITests.swift */; };
		953133CE1F3893C40067DB3A /* CustomTableViewCell.swift in Sources */ = {isa = PBXBuildFile; fileRef = 953133CC1F3893C40067DB3A /* CustomTableViewCell.swift */; };
		953133CF1F3893C40067DB3A /* CustomTableViewCell.xib in Resources */ = {isa = PBXBuildFile; fileRef = 953133CD1F3893C40067DB3A /* CustomTableViewCell.xib */; };
		953133D31F389C420067DB3A /* PhotoViewController.swift in Sources */ = {isa = PBXBuildFile; fileRef = 953133D11F389C420067DB3A /* PhotoViewController.swift */; };
		953133D41F389C420067DB3A /* PhotoViewController.xib in Resources */ = {isa = PBXBuildFile; fileRef = 953133D21F389C420067DB3A /* PhotoViewController.xib */; };
		953133D81F389F720067DB3A /* Configuration.swift in Sources */ = {isa = PBXBuildFile; fileRef = 953133D71F389F720067DB3A /* Configuration.swift */; };
		954953881F39CF19000076E4 /* HTTPRequest.swift in Sources */ = {isa = PBXBuildFile; fileRef = 954953871F39CF19000076E4 /* HTTPRequest.swift */; };
		955000951F3C6D7900AF97AE /* DownloadManager.swift in Sources */ = {isa = PBXBuildFile; fileRef = 955000941F3C6D7900AF97AE /* DownloadManager.swift */; };
		95DEA4461F3ADEB000209BD1 /* Apihelper.swift in Sources */ = {isa = PBXBuildFile; fileRef = 95DEA4451F3ADEB000209BD1 /* Apihelper.swift */; };
		95DEA4491F3B14FF00209BD1 /* PopularData.swift in Sources */ = {isa = PBXBuildFile; fileRef = 95DEA4481F3B14FF00209BD1 /* PopularData.swift */; };
		95DEA44B1F3B189200209BD1 /* TimeData.swift in Sources */ = {isa = PBXBuildFile; fileRef = 95DEA44A1F3B189200209BD1 /* TimeData.swift */; };
		95DEA44D1F3B18A400209BD1 /* ReboundData.swift in Sources */ = {isa = PBXBuildFile; fileRef = 95DEA44C1F3B18A400209BD1 /* ReboundData.swift */; };
/* End PBXBuildFile section */

/* Begin PBXContainerItemProxy section */
		953133AF1F388F560067DB3A /* PBXContainerItemProxy */ = {
			isa = PBXContainerItemProxy;
			containerPortal = 953133921F388F550067DB3A /* Project object */;
			proxyType = 1;
			remoteGlobalIDString = 953133991F388F550067DB3A;
			remoteInfo = DribbleInSwift;
		};
		953133BA1F388F560067DB3A /* PBXContainerItemProxy */ = {
			isa = PBXContainerItemProxy;
			containerPortal = 953133921F388F550067DB3A /* Project object */;
			proxyType = 1;
			remoteGlobalIDString = 953133991F388F550067DB3A;
			remoteInfo = DribbleInSwift;
		};
/* End PBXContainerItemProxy section */

/* Begin PBXFileReference section */
		036F1295147A6E2D3773448E /* Pods-DribbleInSwiftTests.debug.xcconfig */ = {isa = PBXFileReference; includeInIndex = 1; lastKnownFileType = text.xcconfig; name = "Pods-DribbleInSwiftTests.debug.xcconfig"; path = "Pods/Target Support Files/Pods-DribbleInSwiftTests/Pods-DribbleInSwiftTests.debug.xcconfig"; sourceTree = "<group>"; };
		27B043C437F921A84348D876 /* Pods-DribbleInSwiftTests.release.xcconfig */ = {isa = PBXFileReference; includeInIndex = 1; lastKnownFileType = text.xcconfig; name = "Pods-DribbleInSwiftTests.release.xcconfig"; path = "Pods/Target Support Files/Pods-DribbleInSwiftTests/Pods-DribbleInSwiftTests.release.xcconfig"; sourceTree = "<group>"; };
		2C5CC1E228F0B7B1FB62CD9C /* Pods-DribbleInSwiftUITests.debug.xcconfig */ = {isa = PBXFileReference; includeInIndex = 1; lastKnownFileType = text.xcconfig; name = "Pods-DribbleInSwiftUITests.debug.xcconfig"; path = "Pods/Target Support Files/Pods-DribbleInSwiftUITests/Pods-DribbleInSwiftUITests.debug.xcconfig"; sourceTree = "<group>"; };
		3F8AB4DFB40D5912BC9FF6E2 /* Pods-DribbleInSwift.release.xcconfig */ = {isa = PBXFileReference; includeInIndex = 1; lastKnownFileType = text.xcconfig; name = "Pods-DribbleInSwift.release.xcconfig"; path = "Pods/Target Support Files/Pods-DribbleInSwift/Pods-DribbleInSwift.release.xcconfig"; sourceTree = "<group>"; };
		9531339A1F388F550067DB3A /* DribbleInSwift.app */ = {isa = PBXFileReference; explicitFileType = wrapper.application; includeInIndex = 0; path = DribbleInSwift.app; sourceTree = BUILT_PRODUCTS_DIR; };
		9531339D1F388F550067DB3A /* AppDelegate.swift */ = {isa = PBXFileReference; lastKnownFileType = sourcecode.swift; path = AppDelegate.swift; sourceTree = "<group>"; };
		9531339F1F388F560067DB3A /* ViewController.swift */ = {isa = PBXFileReference; lastKnownFileType = sourcecode.swift; name = ViewController.swift; path = DribbleInSwift/ViewController.swift; sourceTree = "<group>"; };
		953133A21F388F560067DB3A /* Base */ = {isa = PBXFileReference; lastKnownFileType = file.storyboard; name = Base; path = Base.lproj/Main.storyboard; sourceTree = "<group>"; };
		953133A41F388F560067DB3A /* Assets.xcassets */ = {isa = PBXFileReference; lastKnownFileType = folder.assetcatalog; path = Assets.xcassets; sourceTree = "<group>"; };
		953133A71F388F560067DB3A /* Base */ = {isa = PBXFileReference; lastKnownFileType = file.storyboard; name = Base; path = Base.lproj/LaunchScreen.storyboard; sourceTree = "<group>"; };
		953133A91F388F560067DB3A /* Info.plist */ = {isa = PBXFileReference; lastKnownFileType = text.plist.xml; path = Info.plist; sourceTree = "<group>"; };
		953133AE1F388F560067DB3A /* DribbleInSwiftTests.xctest */ = {isa = PBXFileReference; explicitFileType = wrapper.cfbundle; includeInIndex = 0; path = DribbleInSwiftTests.xctest; sourceTree = BUILT_PRODUCTS_DIR; };
		953133B21F388F560067DB3A /* DribbleInSwiftTests.swift */ = {isa = PBXFileReference; lastKnownFileType = sourcecode.swift; path = DribbleInSwiftTests.swift; sourceTree = "<group>"; };
		953133B41F388F560067DB3A /* Info.plist */ = {isa = PBXFileReference; lastKnownFileType = text.plist.xml; path = Info.plist; sourceTree = "<group>"; };
		953133B91F388F560067DB3A /* DribbleInSwiftUITests.xctest */ = {isa = PBXFileReference; explicitFileType = wrapper.cfbundle; includeInIndex = 0; path = DribbleInSwiftUITests.xctest; sourceTree = BUILT_PRODUCTS_DIR; };
		953133BD1F388F560067DB3A /* DribbleInSwiftUITests.swift */ = {isa = PBXFileReference; lastKnownFileType = sourcecode.swift; path = DribbleInSwiftUITests.swift; sourceTree = "<group>"; };
		953133BF1F388F560067DB3A /* Info.plist */ = {isa = PBXFileReference; lastKnownFileType = text.plist.xml; path = Info.plist; sourceTree = "<group>"; };
		953133CC1F3893C40067DB3A /* CustomTableViewCell.swift */ = {isa = PBXFileReference; fileEncoding = 4; lastKnownFileType = sourcecode.swift; path = CustomTableViewCell.swift; sourceTree = "<group>"; };
		953133CD1F3893C40067DB3A /* CustomTableViewCell.xib */ = {isa = PBXFileReference; fileEncoding = 4; lastKnownFileType = file.xib; path = CustomTableViewCell.xib; sourceTree = "<group>"; };
		953133D11F389C420067DB3A /* PhotoViewController.swift */ = {isa = PBXFileReference; fileEncoding = 4; lastKnownFileType = sourcecode.swift; path = PhotoViewController.swift; sourceTree = "<group>"; };
		953133D21F389C420067DB3A /* PhotoViewController.xib */ = {isa = PBXFileReference; fileEncoding = 4; lastKnownFileType = file.xib; path = PhotoViewController.xib; sourceTree = "<group>"; };
		953133D71F389F720067DB3A /* Configuration.swift */ = {isa = PBXFileReference; fileEncoding = 4; lastKnownFileType = sourcecode.swift; path = Configuration.swift; sourceTree = "<group>"; };
		954953871F39CF19000076E4 /* HTTPRequest.swift */ = {isa = PBXFileReference; fileEncoding = 4; lastKnownFileType = sourcecode.swift; path = HTTPRequest.swift; sourceTree = "<group>"; };
		955000941F3C6D7900AF97AE /* DownloadManager.swift */ = {isa = PBXFileReference; fileEncoding = 4; lastKnownFileType = sourcecode.swift; path = DownloadManager.swift; sourceTree = "<group>"; };
		95B6AC311F3DC9C400B5DCE6 /* DribbleInSwift-Bridging-Header.h */ = {isa = PBXFileReference; lastKnownFileType = sourcecode.c.h; path = "DribbleInSwift-Bridging-Header.h"; sourceTree = "<group>"; };
		95DEA4451F3ADEB000209BD1 /* Apihelper.swift */ = {isa = PBXFileReference; fileEncoding = 4; lastKnownFileType = sourcecode.swift; path = Apihelper.swift; sourceTree = "<group>"; };
		95DEA4481F3B14FF00209BD1 /* PopularData.swift */ = {isa = PBXFileReference; fileEncoding = 4; lastKnownFileType = sourcecode.swift; path = PopularData.swift; sourceTree = "<group>"; };
		95DEA44A1F3B189200209BD1 /* TimeData.swift */ = {isa = PBXFileReference; fileEncoding = 4; lastKnownFileType = sourcecode.swift; path = TimeData.swift; sourceTree = "<group>"; };
		95DEA44C1F3B18A400209BD1 /* ReboundData.swift */ = {isa = PBXFileReference; fileEncoding = 4; lastKnownFileType = sourcecode.swift; path = ReboundData.swift; sourceTree = "<group>"; };
		A0331C07BFFF4897CDCFE432 /* Pods-DribbleInSwift.debug.xcconfig */ = {isa = PBXFileReference; includeInIndex = 1; lastKnownFileType = text.xcconfig; name = "Pods-DribbleInSwift.debug.xcconfig"; path = "Pods/Target Support Files/Pods-DribbleInSwift/Pods-DribbleInSwift.debug.xcconfig"; sourceTree = "<group>"; };
		B12F4B0B336259280348D31D /* Pods_DribbleInSwift.framework */ = {isa = PBXFileReference; explicitFileType = wrapper.framework; includeInIndex = 0; path = Pods_DribbleInSwift.framework; sourceTree = BUILT_PRODUCTS_DIR; };
		B471B73FA34C144AD942D1F0 /* Pods_DribbleInSwiftUITests.framework */ = {isa = PBXFileReference; explicitFileType = wrapper.framework; includeInIndex = 0; path = Pods_DribbleInSwiftUITests.framework; sourceTree = BUILT_PRODUCTS_DIR; };
		D404BC377159DB4557160E35 /* Pods-DribbleInSwiftUITests.release.xcconfig */ = {isa = PBXFileReference; includeInIndex = 1; lastKnownFileType = text.xcconfig; name = "Pods-DribbleInSwiftUITests.release.xcconfig"; path = "Pods/Target Support Files/Pods-DribbleInSwiftUITests/Pods-DribbleInSwiftUITests.release.xcconfig"; sourceTree = "<group>"; };
		DAB480510E3668A32AD63374 /* Pods_DribbleInSwiftTests.framework */ = {isa = PBXFileReference; explicitFileType = wrapper.framework; includeInIndex = 0; path = Pods_DribbleInSwiftTests.framework; sourceTree = BUILT_PRODUCTS_DIR; };
/* End PBXFileReference section */

/* Begin PBXFrameworksBuildPhase section */
		953133971F388F550067DB3A /* Frameworks */ = {
			isa = PBXFrameworksBuildPhase;
			buildActionMask = 2147483647;
			files = (
				7E47FF1F81F07979EE974476 /* Pods_DribbleInSwift.framework in Frameworks */,
			);
			runOnlyForDeploymentPostprocessing = 0;
		};
		953133AB1F388F560067DB3A /* Frameworks */ = {
			isa = PBXFrameworksBuildPhase;
			buildActionMask = 2147483647;
			files = (
				5E3A071CAAC88419F76B4DE2 /* Pods_DribbleInSwiftTests.framework in Frameworks */,
			);
			runOnlyForDeploymentPostprocessing = 0;
		};
		953133B61F388F560067DB3A /* Frameworks */ = {
			isa = PBXFrameworksBuildPhase;
			buildActionMask = 2147483647;
			files = (
				212B195C4872220E90DF1A1F /* Pods_DribbleInSwiftUITests.framework in Frameworks */,
			);
			runOnlyForDeploymentPostprocessing = 0;
		};
/* End PBXFrameworksBuildPhase section */

/* Begin PBXGroup section */
		61F70836A65EF399073DFCEE /* Frameworks */ = {
			isa = PBXGroup;
			children = (
				B12F4B0B336259280348D31D /* Pods_DribbleInSwift.framework */,
				DAB480510E3668A32AD63374 /* Pods_DribbleInSwiftTests.framework */,
				B471B73FA34C144AD942D1F0 /* Pods_DribbleInSwiftUITests.framework */,
			);
			name = Frameworks;
			sourceTree = "<group>";
		};
		740D401DC29BB94B996F13EC /* Pods */ = {
			isa = PBXGroup;
			children = (
				A0331C07BFFF4897CDCFE432 /* Pods-DribbleInSwift.debug.xcconfig */,
				3F8AB4DFB40D5912BC9FF6E2 /* Pods-DribbleInSwift.release.xcconfig */,
				036F1295147A6E2D3773448E /* Pods-DribbleInSwiftTests.debug.xcconfig */,
				27B043C437F921A84348D876 /* Pods-DribbleInSwiftTests.release.xcconfig */,
				2C5CC1E228F0B7B1FB62CD9C /* Pods-DribbleInSwiftUITests.debug.xcconfig */,
				D404BC377159DB4557160E35 /* Pods-DribbleInSwiftUITests.release.xcconfig */,
			);
			name = Pods;
			sourceTree = "<group>";
		};
		953133911F388F550067DB3A = {
			isa = PBXGroup;
			children = (
				955000931F3C6D6600AF97AE /* DownloadManager */,
				95DEA4471F3B0C9400209BD1 /* Model */,
				95DEA4441F3ADE9700209BD1 /* ApiHelper */,
				954953861F39CEEF000076E4 /* HTTPRequest */,
				953133D61F389F4A0067DB3A /* Configuration */,
				953133D51F389E370067DB3A /* HomeViewController */,
				953133D01F389C1A0067DB3A /* PhotoViewController */,
				953133CB1F38939C0067DB3A /* CustomTableVieCell */,
				9531339C1F388F550067DB3A /* DribbleInSwift */,
				953133B11F388F560067DB3A /* DribbleInSwiftTests */,
				953133BC1F388F560067DB3A /* DribbleInSwiftUITests */,
				9531339B1F388F550067DB3A /* Products */,
				740D401DC29BB94B996F13EC /* Pods */,
				61F70836A65EF399073DFCEE /* Frameworks */,
				95B6AC311F3DC9C400B5DCE6 /* DribbleInSwift-Bridging-Header.h */,
			);
			sourceTree = "<group>";
		};
		9531339B1F388F550067DB3A /* Products */ = {
			isa = PBXGroup;
			children = (
				9531339A1F388F550067DB3A /* DribbleInSwift.app */,
				953133AE1F388F560067DB3A /* DribbleInSwiftTests.xctest */,
				953133B91F388F560067DB3A /* DribbleInSwiftUITests.xctest */,
			);
			name = Products;
			sourceTree = "<group>";
		};
		9531339C1F388F550067DB3A /* DribbleInSwift */ = {
			isa = PBXGroup;
			children = (
				9531339D1F388F550067DB3A /* AppDelegate.swift */,
				953133A41F388F560067DB3A /* Assets.xcassets */,
				953133A61F388F560067DB3A /* LaunchScreen.storyboard */,
				953133A91F388F560067DB3A /* Info.plist */,
			);
			path = DribbleInSwift;
			sourceTree = "<group>";
		};
		953133B11F388F560067DB3A /* DribbleInSwiftTests */ = {
			isa = PBXGroup;
			children = (
				953133B21F388F560067DB3A /* DribbleInSwiftTests.swift */,
				953133B41F388F560067DB3A /* Info.plist */,
			);
			path = DribbleInSwiftTests;
			sourceTree = "<group>";
		};
		953133BC1F388F560067DB3A /* DribbleInSwiftUITests */ = {
			isa = PBXGroup;
			children = (
				953133BD1F388F560067DB3A /* DribbleInSwiftUITests.swift */,
				953133BF1F388F560067DB3A /* Info.plist */,
			);
			path = DribbleInSwiftUITests;
			sourceTree = "<group>";
		};
		953133CB1F38939C0067DB3A /* CustomTableVieCell */ = {
			isa = PBXGroup;
			children = (
				953133CC1F3893C40067DB3A /* CustomTableViewCell.swift */,
				953133CD1F3893C40067DB3A /* CustomTableViewCell.xib */,
			);
			name = CustomTableVieCell;
			sourceTree = "<group>";
		};
		953133D01F389C1A0067DB3A /* PhotoViewController */ = {
			isa = PBXGroup;
			children = (
				953133D11F389C420067DB3A /* PhotoViewController.swift */,
				953133D21F389C420067DB3A /* PhotoViewController.xib */,
			);
			name = PhotoViewController;
			sourceTree = "<group>";
		};
		953133D51F389E370067DB3A /* HomeViewController */ = {
			isa = PBXGroup;
			children = (
				9531339F1F388F560067DB3A /* ViewController.swift */,
				953133A11F388F560067DB3A /* Main.storyboard */,
			);
			name = HomeViewController;
			sourceTree = "<group>";
		};
		953133D61F389F4A0067DB3A /* Configuration */ = {
			isa = PBXGroup;
			children = (
				953133D71F389F720067DB3A /* Configuration.swift */,
			);
			name = Configuration;
			sourceTree = "<group>";
		};
		954953861F39CEEF000076E4 /* HTTPRequest */ = {
			isa = PBXGroup;
			children = (
				954953871F39CF19000076E4 /* HTTPRequest.swift */,
			);
			name = HTTPRequest;
			sourceTree = "<group>";
		};
		955000931F3C6D6600AF97AE /* DownloadManager */ = {
			isa = PBXGroup;
			children = (
				955000941F3C6D7900AF97AE /* DownloadManager.swift */,
			);
			path = DownloadManager;
			sourceTree = "<group>";
		};
		95DEA4441F3ADE9700209BD1 /* ApiHelper */ = {
			isa = PBXGroup;
			children = (
				95DEA4451F3ADEB000209BD1 /* Apihelper.swift */,
			);
			path = ApiHelper;
			sourceTree = "<group>";
		};
		95DEA4471F3B0C9400209BD1 /* Model */ = {
			isa = PBXGroup;
			children = (
				95DEA4481F3B14FF00209BD1 /* PopularData.swift */,
				95DEA44A1F3B189200209BD1 /* TimeData.swift */,
				95DEA44C1F3B18A400209BD1 /* ReboundData.swift */,
			);
			path = Model;
			sourceTree = "<group>";
		};
/* End PBXGroup section */

/* Begin PBXNativeTarget section */
		953133991F388F550067DB3A /* DribbleInSwift */ = {
			isa = PBXNativeTarget;
			buildConfigurationList = 953133C21F388F560067DB3A /* Build configuration list for PBXNativeTarget "DribbleInSwift" */;
			buildPhases = (
				8F9F04D701E378FBC9CE9D8C /* [CP] Check Pods Manifest.lock */,
				953133961F388F550067DB3A /* Sources */,
				953133971F388F550067DB3A /* Frameworks */,
				953133981F388F550067DB3A /* Resources */,
				AFBC712C32986C027E6F882B /* [CP] Embed Pods Frameworks */,
				263773E735745CF99C1F96AC /* [CP] Copy Pods Resources */,
			);
			buildRules = (
			);
			dependencies = (
			);
			name = DribbleInSwift;
			productName = DribbleInSwift;
			productReference = 9531339A1F388F550067DB3A /* DribbleInSwift.app */;
			productType = "com.apple.product-type.application";
		};
		953133AD1F388F560067DB3A /* DribbleInSwiftTests */ = {
			isa = PBXNativeTarget;
			buildConfigurationList = 953133C51F388F560067DB3A /* Build configuration list for PBXNativeTarget "DribbleInSwiftTests" */;
			buildPhases = (
				8A4EB705EA0274FAA4AFD653 /* [CP] Check Pods Manifest.lock */,
				953133AA1F388F560067DB3A /* Sources */,
				953133AB1F388F560067DB3A /* Frameworks */,
				953133AC1F388F560067DB3A /* Resources */,
				2D6DF2AC4A50A24AD17D512A /* [CP] Embed Pods Frameworks */,
				6961F6CF14AE285C97AF11F1 /* [CP] Copy Pods Resources */,
			);
			buildRules = (
			);
			dependencies = (
				953133B01F388F560067DB3A /* PBXTargetDependency */,
			);
			name = DribbleInSwiftTests;
			productName = DribbleInSwiftTests;
			productReference = 953133AE1F388F560067DB3A /* DribbleInSwiftTests.xctest */;
			productType = "com.apple.product-type.bundle.unit-test";
		};
		953133B81F388F560067DB3A /* DribbleInSwiftUITests */ = {
			isa = PBXNativeTarget;
			buildConfigurationList = 953133C81F388F560067DB3A /* Build configuration list for PBXNativeTarget "DribbleInSwiftUITests" */;
			buildPhases = (
				4AA8B54463E68A76B39F9CC2 /* [CP] Check Pods Manifest.lock */,
				953133B51F388F560067DB3A /* Sources */,
				953133B61F388F560067DB3A /* Frameworks */,
				953133B71F388F560067DB3A /* Resources */,
				3239B921B409D6AA8E59E251 /* [CP] Embed Pods Frameworks */,
				6CEEB465160913A011A7FDA8 /* [CP] Copy Pods Resources */,
			);
			buildRules = (
			);
			dependencies = (
				953133BB1F388F560067DB3A /* PBXTargetDependency */,
			);
			name = DribbleInSwiftUITests;
			productName = DribbleInSwiftUITests;
			productReference = 953133B91F388F560067DB3A /* DribbleInSwiftUITests.xctest */;
			productType = "com.apple.product-type.bundle.ui-testing";
		};
/* End PBXNativeTarget section */

/* Begin PBXProject section */
		953133921F388F550067DB3A /* Project object */ = {
			isa = PBXProject;
			attributes = {
				LastSwiftUpdateCheck = 0830;
				LastUpgradeCheck = 0830;
				ORGANIZATIONNAME = "Sumit Ghosh";
				TargetAttributes = {
					953133991F388F550067DB3A = {
						CreatedOnToolsVersion = 8.3.2;
						DevelopmentTeam = JDGV77HJK6;
						LastSwiftMigration = 0830;
						ProvisioningStyle = Manual;
					};
					953133AD1F388F560067DB3A = {
						CreatedOnToolsVersion = 8.3.2;
						DevelopmentTeam = JDGV77HJK6;
						ProvisioningStyle = Automatic;
						TestTargetID = 953133991F388F550067DB3A;
					};
					953133B81F388F560067DB3A = {
						CreatedOnToolsVersion = 8.3.2;
						DevelopmentTeam = JDGV77HJK6;
						ProvisioningStyle = Automatic;
						TestTargetID = 953133991F388F550067DB3A;
					};
				};
			};
			buildConfigurationList = 953133951F388F550067DB3A /* Build configuration list for PBXProject "DribbleInSwift" */;
			compatibilityVersion = "Xcode 3.2";
			developmentRegion = English;
			hasScannedForEncodings = 0;
			knownRegions = (
				en,
				Base,
			);
			mainGroup = 953133911F388F550067DB3A;
			productRefGroup = 9531339B1F388F550067DB3A /* Products */;
			projectDirPath = "";
			projectRoot = "";
			targets = (
				953133991F388F550067DB3A /* DribbleInSwift */,
				953133AD1F388F560067DB3A /* DribbleInSwiftTests */,
				953133B81F388F560067DB3A /* DribbleInSwiftUITests */,
			);
		};
/* End PBXProject section */

/* Begin PBXResourcesBuildPhase section */
		953133981F388F550067DB3A /* Resources */ = {
			isa = PBXResourcesBuildPhase;
			buildActionMask = 2147483647;
			files = (
				953133A81F388F560067DB3A /* LaunchScreen.storyboard in Resources */,
				953133D41F389C420067DB3A /* PhotoViewController.xib in Resources */,
				953133A51F388F560067DB3A /* Assets.xcassets in Resources */,
				953133CF1F3893C40067DB3A /* CustomTableViewCell.xib in Resources */,
				953133A31F388F560067DB3A /* Main.storyboard in Resources */,
			);
			runOnlyForDeploymentPostprocessing = 0;
		};
		953133AC1F388F560067DB3A /* Resources */ = {
			isa = PBXResourcesBuildPhase;
			buildActionMask = 2147483647;
			files = (
			);
			runOnlyForDeploymentPostprocessing = 0;
		};
		953133B71F388F560067DB3A /* Resources */ = {
			isa = PBXResourcesBuildPhase;
			buildActionMask = 2147483647;
			files = (
			);
			runOnlyForDeploymentPostprocessing = 0;
		};
/* End PBXResourcesBuildPhase section */

/* Begin PBXShellScriptBuildPhase section */
		263773E735745CF99C1F96AC /* [CP] Copy Pods Resources */ = {
			isa = PBXShellScriptBuildPhase;
			buildActionMask = 2147483647;
			files = (
			);
			inputPaths = (
			);
			name = "[CP] Copy Pods Resources";
			outputPaths = (
			);
			runOnlyForDeploymentPostprocessing = 0;
			shellPath = /bin/sh;
			shellScript = "\"${SRCROOT}/Pods/Target Support Files/Pods-DribbleInSwift/Pods-DribbleInSwift-resources.sh\"\n";
			showEnvVarsInLog = 0;
		};
		2D6DF2AC4A50A24AD17D512A /* [CP] Embed Pods Frameworks */ = {
			isa = PBXShellScriptBuildPhase;
			buildActionMask = 2147483647;
			files = (
			);
			inputPaths = (
			);
			name = "[CP] Embed Pods Frameworks";
			outputPaths = (
			);
			runOnlyForDeploymentPostprocessing = 0;
			shellPath = /bin/sh;
			shellScript = "\"${SRCROOT}/Pods/Target Support Files/Pods-DribbleInSwiftTests/Pods-DribbleInSwiftTests-frameworks.sh\"\n";
			showEnvVarsInLog = 0;
		};
		3239B921B409D6AA8E59E251 /* [CP] Embed Pods Frameworks */ = {
			isa = PBXShellScriptBuildPhase;
			buildActionMask = 2147483647;
			files = (
			);
			inputPaths = (
			);
			name = "[CP] Embed Pods Frameworks";
			outputPaths = (
			);
			runOnlyForDeploymentPostprocessing = 0;
			shellPath = /bin/sh;
			shellScript = "\"${SRCROOT}/Pods/Target Support Files/Pods-DribbleInSwiftUITests/Pods-DribbleInSwiftUITests-frameworks.sh\"\n";
			showEnvVarsInLog = 0;
		};
		4AA8B54463E68A76B39F9CC2 /* [CP] Check Pods Manifest.lock */ = {
			isa = PBXShellScriptBuildPhase;
			buildActionMask = 2147483647;
			files = (
			);
			inputPaths = (
			);
			name = "[CP] Check Pods Manifest.lock";
			outputPaths = (
			);
			runOnlyForDeploymentPostprocessing = 0;
			shellPath = /bin/sh;
			shellScript = "diff \"${PODS_PODFILE_DIR_PATH}/Podfile.lock\" \"${PODS_ROOT}/Manifest.lock\" > /dev/null\nif [ $? != 0 ] ; then\n    # print error to STDERR\n    echo \"error: The sandbox is not in sync with the Podfile.lock. Run 'pod install' or update your CocoaPods installation.\" >&2\n    exit 1\nfi\n";
			showEnvVarsInLog = 0;
		};
		6961F6CF14AE285C97AF11F1 /* [CP] Copy Pods Resources */ = {
			isa = PBXShellScriptBuildPhase;
			buildActionMask = 2147483647;
			files = (
			);
			inputPaths = (
			);
			name = "[CP] Copy Pods Resources";
			outputPaths = (
			);
			runOnlyForDeploymentPostprocessing = 0;
			shellPath = /bin/sh;
			shellScript = "\"${SRCROOT}/Pods/Target Support Files/Pods-DribbleInSwiftTests/Pods-DribbleInSwiftTests-resources.sh\"\n";
			showEnvVarsInLog = 0;
		};
		6CEEB465160913A011A7FDA8 /* [CP] Copy Pods Resources */ = {
			isa = PBXShellScriptBuildPhase;
			buildActionMask = 2147483647;
			files = (
			);
			inputPaths = (
			);
			name = "[CP] Copy Pods Resources";
			outputPaths = (
			);
			runOnlyForDeploymentPostprocessing = 0;
			shellPath = /bin/sh;
			shellScript = "\"${SRCROOT}/Pods/Target Support Files/Pods-DribbleInSwiftUITests/Pods-DribbleInSwiftUITests-resources.sh\"\n";
			showEnvVarsInLog = 0;
		};
		8A4EB705EA0274FAA4AFD653 /* [CP] Check Pods Manifest.lock */ = {
			isa = PBXShellScriptBuildPhase;
			buildActionMask = 2147483647;
			files = (
			);
			inputPaths = (
			);
			name = "[CP] Check Pods Manifest.lock";
			outputPaths = (
			);
			runOnlyForDeploymentPostprocessing = 0;
			shellPath = /bin/sh;
			shellScript = "diff \"${PODS_PODFILE_DIR_PATH}/Podfile.lock\" \"${PODS_ROOT}/Manifest.lock\" > /dev/null\nif [ $? != 0 ] ; then\n    # print error to STDERR\n    echo \"error: The sandbox is not in sync with the Podfile.lock. Run 'pod install' or update your CocoaPods installation.\" >&2\n    exit 1\nfi\n";
			showEnvVarsInLog = 0;
		};
		8F9F04D701E378FBC9CE9D8C /* [CP] Check Pods Manifest.lock */ = {
			isa = PBXShellScriptBuildPhase;
			buildActionMask = 2147483647;
			files = (
			);
			inputPaths = (
			);
			name = "[CP] Check Pods Manifest.lock";
			outputPaths = (
			);
			runOnlyForDeploymentPostprocessing = 0;
			shellPath = /bin/sh;
			shellScript = "diff \"${PODS_PODFILE_DIR_PATH}/Podfile.lock\" \"${PODS_ROOT}/Manifest.lock\" > /dev/null\nif [ $? != 0 ] ; then\n    # print error to STDERR\n    echo \"error: The sandbox is not in sync with the Podfile.lock. Run 'pod install' or update your CocoaPods installation.\" >&2\n    exit 1\nfi\n";
			showEnvVarsInLog = 0;
		};
		AFBC712C32986C027E6F882B /* [CP] Embed Pods Frameworks */ = {
			isa = PBXShellScriptBuildPhase;
			buildActionMask = 2147483647;
			files = (
			);
			inputPaths = (
			);
			name = "[CP] Embed Pods Frameworks";
			outputPaths = (
			);
			runOnlyForDeploymentPostprocessing = 0;
			shellPath = /bin/sh;
			shellScript = "\"${SRCROOT}/Pods/Target Support Files/Pods-DribbleInSwift/Pods-DribbleInSwift-frameworks.sh\"\n";
			showEnvVarsInLog = 0;
		};
/* End PBXShellScriptBuildPhase section */

/* Begin PBXSourcesBuildPhase section */
		953133961F388F550067DB3A /* Sources */ = {
			isa = PBXSourcesBuildPhase;
			buildActionMask = 2147483647;
			files = (
				953133CE1F3893C40067DB3A /* CustomTableViewCell.swift in Sources */,
				955000951F3C6D7900AF97AE /* DownloadManager.swift in Sources */,
				95DEA44B1F3B189200209BD1 /* TimeData.swift in Sources */,
				95DEA4491F3B14FF00209BD1 /* PopularData.swift in Sources */,
				95DEA4461F3ADEB000209BD1 /* Apihelper.swift in Sources */,
				953133D81F389F720067DB3A /* Configuration.swift in Sources */,
				953133D31F389C420067DB3A /* PhotoViewController.swift in Sources */,
				954953881F39CF19000076E4 /* HTTPRequest.swift in Sources */,
				95DEA44D1F3B18A400209BD1 /* ReboundData.swift in Sources */,
				953133A01F388F560067DB3A /* ViewController.swift in Sources */,
				9531339E1F388F550067DB3A /* AppDelegate.swift in Sources */,
			);
			runOnlyForDeploymentPostprocessing = 0;
		};
		953133AA1F388F560067DB3A /* Sources */ = {
			isa = PBXSourcesBuildPhase;
			buildActionMask = 2147483647;
			files = (
				953133B31F388F560067DB3A /* DribbleInSwiftTests.swift in Sources */,
			);
			runOnlyForDeploymentPostprocessing = 0;
		};
		953133B51F388F560067DB3A /* Sources */ = {
			isa = PBXSourcesBuildPhase;
			buildActionMask = 2147483647;
			files = (
				953133BE1F388F560067DB3A /* DribbleInSwiftUITests.swift in Sources */,
			);
			runOnlyForDeploymentPostprocessing = 0;
		};
/* End PBXSourcesBuildPhase section */

/* Begin PBXTargetDependency section */
		953133B01F388F560067DB3A /* PBXTargetDependency */ = {
			isa = PBXTargetDependency;
			target = 953133991F388F550067DB3A /* DribbleInSwift */;
			targetProxy = 953133AF1F388F560067DB3A /* PBXContainerItemProxy */;
		};
		953133BB1F388F560067DB3A /* PBXTargetDependency */ = {
			isa = PBXTargetDependency;
			target = 953133991F388F550067DB3A /* DribbleInSwift */;
			targetProxy = 953133BA1F388F560067DB3A /* PBXContainerItemProxy */;
		};
/* End PBXTargetDependency section */

/* Begin PBXVariantGroup section */
		953133A11F388F560067DB3A /* Main.storyboard */ = {
			isa = PBXVariantGroup;
			children = (
				953133A21F388F560067DB3A /* Base */,
			);
			name = Main.storyboard;
			path = DribbleInSwift;
			sourceTree = "<group>";
		};
		953133A61F388F560067DB3A /* LaunchScreen.storyboard */ = {
			isa = PBXVariantGroup;
			children = (
				953133A71F388F560067DB3A /* Base */,
			);
			name = LaunchScreen.storyboard;
			sourceTree = "<group>";
		};
/* End PBXVariantGroup section */

/* Begin XCBuildConfiguration section */
		953133C01F388F560067DB3A /* Debug */ = {
			isa = XCBuildConfiguration;
			buildSettings = {
				ALWAYS_SEARCH_USER_PATHS = NO;
				CLANG_ANALYZER_NONNULL = YES;
				CLANG_ANALYZER_NUMBER_OBJECT_CONVERSION = YES_AGGRESSIVE;
				CLANG_CXX_LANGUAGE_STANDARD = "gnu++0x";
				CLANG_CXX_LIBRARY = "libc++";
				CLANG_ENABLE_MODULES = YES;
				CLANG_ENABLE_OBJC_ARC = YES;
				CLANG_WARN_BOOL_CONVERSION = YES;
				CLANG_WARN_CONSTANT_CONVERSION = YES;
				CLANG_WARN_DIRECT_OBJC_ISA_USAGE = YES_ERROR;
				CLANG_WARN_DOCUMENTATION_COMMENTS = YES;
				CLANG_WARN_EMPTY_BODY = YES;
				CLANG_WARN_ENUM_CONVERSION = YES;
				CLANG_WARN_INFINITE_RECURSION = YES;
				CLANG_WARN_INT_CONVERSION = YES;
				CLANG_WARN_OBJC_ROOT_CLASS = YES_ERROR;
				CLANG_WARN_SUSPICIOUS_MOVE = YES;
				CLANG_WARN_UNREACHABLE_CODE = YES;
				CLANG_WARN__DUPLICATE_METHOD_MATCH = YES;
				"CODE_SIGN_IDENTITY[sdk=iphoneos*]" = "iPhone Developer";
				COPY_PHASE_STRIP = NO;
				DEBUG_INFORMATION_FORMAT = dwarf;
				ENABLE_STRICT_OBJC_MSGSEND = YES;
				ENABLE_TESTABILITY = YES;
				GCC_C_LANGUAGE_STANDARD = gnu99;
				GCC_DYNAMIC_NO_PIC = NO;
				GCC_NO_COMMON_BLOCKS = YES;
				GCC_OPTIMIZATION_LEVEL = 0;
				GCC_PREPROCESSOR_DEFINITIONS = (
					"DEBUG=1",
					"$(inherited)",
				);
				GCC_WARN_64_TO_32_BIT_CONVERSION = YES;
				GCC_WARN_ABOUT_RETURN_TYPE = YES_ERROR;
				GCC_WARN_UNDECLARED_SELECTOR = YES;
				GCC_WARN_UNINITIALIZED_AUTOS = YES_AGGRESSIVE;
				GCC_WARN_UNUSED_FUNCTION = YES;
				GCC_WARN_UNUSED_VARIABLE = YES;
				IPHONEOS_DEPLOYMENT_TARGET = 10.3;
				MTL_ENABLE_DEBUG_INFO = YES;
				ONLY_ACTIVE_ARCH = YES;
				SDKROOT = iphoneos;
				SWIFT_ACTIVE_COMPILATION_CONDITIONS = DEBUG;
				SWIFT_OPTIMIZATION_LEVEL = "-Onone";
			};
			name = Debug;
		};
		953133C11F388F560067DB3A /* Release */ = {
			isa = XCBuildConfiguration;
			buildSettings = {
				ALWAYS_SEARCH_USER_PATHS = NO;
				CLANG_ANALYZER_NONNULL = YES;
				CLANG_ANALYZER_NUMBER_OBJECT_CONVERSION = YES_AGGRESSIVE;
				CLANG_CXX_LANGUAGE_STANDARD = "gnu++0x";
				CLANG_CXX_LIBRARY = "libc++";
				CLANG_ENABLE_MODULES = YES;
				CLANG_ENABLE_OBJC_ARC = YES;
				CLANG_WARN_BOOL_CONVERSION = YES;
				CLANG_WARN_CONSTANT_CONVERSION = YES;
				CLANG_WARN_DIRECT_OBJC_ISA_USAGE = YES_ERROR;
				CLANG_WARN_DOCUMENTATION_COMMENTS = YES;
				CLANG_WARN_EMPTY_BODY = YES;
				CLANG_WARN_ENUM_CONVERSION = YES;
				CLANG_WARN_INFINITE_RECURSION = YES;
				CLANG_WARN_INT_CONVERSION = YES;
				CLANG_WARN_OBJC_ROOT_CLASS = YES_ERROR;
				CLANG_WARN_SUSPICIOUS_MOVE = YES;
				CLANG_WARN_UNREACHABLE_CODE = YES;
				CLANG_WARN__DUPLICATE_METHOD_MATCH = YES;
				"CODE_SIGN_IDENTITY[sdk=iphoneos*]" = "iPhone Developer";
				COPY_PHASE_STRIP = NO;
				DEBUG_INFORMATION_FORMAT = "dwarf-with-dsym";
				ENABLE_NS_ASSERTIONS = NO;
				ENABLE_STRICT_OBJC_MSGSEND = YES;
				GCC_C_LANGUAGE_STANDARD = gnu99;
				GCC_NO_COMMON_BLOCKS = YES;
				GCC_WARN_64_TO_32_BIT_CONVERSION = YES;
				GCC_WARN_ABOUT_RETURN_TYPE = YES_ERROR;
				GCC_WARN_UNDECLARED_SELECTOR = YES;
				GCC_WARN_UNINITIALIZED_AUTOS = YES_AGGRESSIVE;
				GCC_WARN_UNUSED_FUNCTION = YES;
				GCC_WARN_UNUSED_VARIABLE = YES;
				IPHONEOS_DEPLOYMENT_TARGET = 10.3;
				MTL_ENABLE_DEBUG_INFO = NO;
				SDKROOT = iphoneos;
				SWIFT_OPTIMIZATION_LEVEL = "-Owholemodule";
				VALIDATE_PRODUCT = YES;
			};
			name = Release;
		};
		953133C31F388F560067DB3A /* Debug */ = {
			isa = XCBuildConfiguration;
			baseConfigurationReference = A0331C07BFFF4897CDCFE432 /* Pods-DribbleInSwift.debug.xcconfig */;
			buildSettings = {
				ASSETCATALOG_COMPILER_APPICON_NAME = AppIcon;
				CLANG_ENABLE_MODULES = YES;
				DEVELOPMENT_TEAM = JDGV77HJK6;
				INFOPLIST_FILE = DribbleInSwift/Info.plist;
				LD_RUNPATH_SEARCH_PATHS = "$(inherited) @executable_path/Frameworks";
				PRODUCT_BUNDLE_IDENTIFIER = com.globussoft.GroupChatApp;
				PRODUCT_NAME = "$(TARGET_NAME)";
				PROVISIONING_PROFILE = "8be33794-3d39-4315-9d0c-8d63480ad027";
				PROVISIONING_PROFILE_SPECIFIER = "GroupAppDevNew(24/05/17)";
				SWIFT_INSTALL_OBJC_HEADER = YES;
				SWIFT_OBJC_BRIDGING_HEADER = "DribbleInSwift-Bridging-Header.h";
				SWIFT_OPTIMIZATION_LEVEL = "-Onone";
				SWIFT_VERSION = 3.0;
			};
			name = Debug;
		};
		953133C41F388F560067DB3A /* Release */ = {
			isa = XCBuildConfiguration;
			baseConfigurationReference = 3F8AB4DFB40D5912BC9FF6E2 /* Pods-DribbleInSwift.release.xcconfig */;
			buildSettings = {
				ASSETCATALOG_COMPILER_APPICON_NAME = AppIcon;
				CLANG_ENABLE_MODULES = YES;
				DEVELOPMENT_TEAM = JDGV77HJK6;
				INFOPLIST_FILE = DribbleInSwift/Info.plist;
				LD_RUNPATH_SEARCH_PATHS = "$(inherited) @executable_path/Frameworks";
				PRODUCT_BUNDLE_IDENTIFIER = com.globussoft.GroupChatApp;
				PRODUCT_NAME = "$(TARGET_NAME)";
				PROVISIONING_PROFILE = "8be33794-3d39-4315-9d0c-8d63480ad027";
				PROVISIONING_PROFILE_SPECIFIER = "GroupAppDevNew(24/05/17)";
				SWIFT_INSTALL_OBJC_HEADER = YES;
				SWIFT_OBJC_BRIDGING_HEADER = "DribbleInSwift-Bridging-Header.h";
				SWIFT_VERSION = 3.0;
			};
			name = Release;
		};
		953133C61F388F560067DB3A /* Debug */ = {
			isa = XCBuildConfiguration;
			baseConfigurationReference = 036F1295147A6E2D3773448E /* Pods-DribbleInSwiftTests.debug.xcconfig */;
			buildSettings = {
				ALWAYS_EMBED_SWIFT_STANDARD_LIBRARIES = YES;
				BUNDLE_LOADER = "$(TEST_HOST)";
				DEVELOPMENT_TEAM = JDGV77HJK6;
				INFOPLIST_FILE = DribbleInSwiftTests/Info.plist;
				LD_RUNPATH_SEARCH_PATHS = "$(inherited) @executable_path/Frameworks @loader_path/Frameworks";
				PRODUCT_BUNDLE_IDENTIFIER = globussoft.DribbleInSwiftTests;
				PRODUCT_NAME = "$(TARGET_NAME)";
				SWIFT_VERSION = 3.0;
				TEST_HOST = "$(BUILT_PRODUCTS_DIR)/DribbleInSwift.app/DribbleInSwift";
			};
			name = Debug;
		};
		953133C71F388F560067DB3A /* Release */ = {
			isa = XCBuildConfiguration;
			baseConfigurationReference = 27B043C437F921A84348D876 /* Pods-DribbleInSwiftTests.release.xcconfig */;
			buildSettings = {
				ALWAYS_EMBED_SWIFT_STANDARD_LIBRARIES = YES;
				BUNDLE_LOADER = "$(TEST_HOST)";
				DEVELOPMENT_TEAM = JDGV77HJK6;
				INFOPLIST_FILE = DribbleInSwiftTests/Info.plist;
				LD_RUNPATH_SEARCH_PATHS = "$(inherited) @executable_path/Frameworks @loader_path/Frameworks";
				PRODUCT_BUNDLE_IDENTIFIER = globussoft.DribbleInSwiftTests;
				PRODUCT_NAME = "$(TARGET_NAME)";
				SWIFT_VERSION = 3.0;
				TEST_HOST = "$(BUILT_PRODUCTS_DIR)/DribbleInSwift.app/DribbleInSwift";
			};
			name = Release;
		};
		953133C91F388F560067DB3A /* Debug */ = {
			isa = XCBuildConfiguration;
			baseConfigurationReference = 2C5CC1E228F0B7B1FB62CD9C /* Pods-DribbleInSwiftUITests.debug.xcconfig */;
			buildSettings = {
				ALWAYS_EMBED_SWIFT_STANDARD_LIBRARIES = YES;
				DEVELOPMENT_TEAM = JDGV77HJK6;
				INFOPLIST_FILE = DribbleInSwiftUITests/Info.plist;
				LD_RUNPATH_SEARCH_PATHS = "$(inherited) @executable_path/Frameworks @loader_path/Frameworks";
				PRODUCT_BUNDLE_IDENTIFIER = globussoft.DribbleInSwiftUITests;
				PRODUCT_NAME = "$(TARGET_NAME)";
				SWIFT_VERSION = 3.0;
				TEST_TARGET_NAME = DribbleInSwift;
			};
			name = Debug;
		};
		953133CA1F388F560067DB3A /* Release */ = {
			isa = XCBuildConfiguration;
			baseConfigurationReference = D404BC377159DB4557160E35 /* Pods-DribbleInSwiftUITests.release.xcconfig */;
			buildSettings = {
				ALWAYS_EMBED_SWIFT_STANDARD_LIBRARIES = YES;
				DEVELOPMENT_TEAM = JDGV77HJK6;
				INFOPLIST_FILE = DribbleInSwiftUITests/Info.plist;
				LD_RUNPATH_SEARCH_PATHS = "$(inherited) @executable_path/Frameworks @loader_path/Frameworks";
				PRODUCT_BUNDLE_IDENTIFIER = globussoft.DribbleInSwiftUITests;
				PRODUCT_NAME = "$(TARGET_NAME)";
				SWIFT_VERSION = 3.0;
				TEST_TARGET_NAME = DribbleInSwift;
			};
			name = Release;
		};
/* End XCBuildConfiguration section */

/* Begin XCConfigurationList section */
		953133951F388F550067DB3A /* Build configuration list for PBXProject "DribbleInSwift" */ = {
			isa = XCConfigurationList;
			buildConfigurations = (
				953133C01F388F560067DB3A /* Debug */,
				953133C11F388F560067DB3A /* Release */,
			);
			defaultConfigurationIsVisible = 0;
			defaultConfigurationName = Release;
		};
		953133C21F388F560067DB3A /* Build configuration list for PBXNativeTarget "DribbleInSwift" */ = {
			isa = XCConfigurationList;
			buildConfigurations = (
				953133C31F388F560067DB3A /* Debug */,
				953133C41F388F560067DB3A /* Release */,
			);
			defaultConfigurationIsVisible = 0;
			defaultConfigurationName = Release;
		};
		953133C51F388F560067DB3A /* Build configuration list for PBXNativeTarget "DribbleInSwiftTests" */ = {
			isa = XCConfigurationList;
			buildConfigurations = (
				953133C61F388F560067DB3A /* Debug */,
				953133C71F388F560067DB3A /* Release */,
			);
			defaultConfigurationIsVisible = 0;
			defaultConfigurationName = Release;
		};
		953133C81F388F560067DB3A /* Build configuration list for PBXNativeTarget "DribbleInSwiftUITests" */ = {
			isa = XCConfigurationList;
			buildConfigurations = (
				953133C91F388F560067DB3A /* Debug */,
				953133CA1F388F560067DB3A /* Release */,
			);
			defaultConfigurationIsVisible = 0;
			defaultConfigurationName = Release;
		};
/* End XCConfigurationList section */
	};
	rootObject = 953133921F388F550067DB3A /* Project object */;
}
